
Microsoft Visual Studio Solution File, Format Version 12.00
# Visual Studio Version 17
VisualStudioVersion = 17.5.33530.505
MinimumVisualStudioVersion = 10.0.40219.1
Project("{8BC9CEB8-8B4A-11D0-8D11-00A0C91BC942}") = "ApiTester", "ApiTester\ApiTester.vcxproj", "{62EE7D8B-2B95-48DE-A1FE-625CBD2D7313}"
EndProject
Global
	GlobalSection(SolutionConfigurationPlatforms) = preSolution
		AngleApiTester|x64 = AngleApiTester|x64
		AngleApiTester|x86 = AngleApiTester|x86
		Debug|x64 = Debug|x64
		Debug|x86 = Debug|x86
		RangeApiTester|x64 = RangeApiTester|x64
		RangeApiTester|x86 = RangeApiTester|x86
		Release|x64 = Release|x64
		Release|x86 = Release|x86
	EndGlobalSection
	GlobalSection(ProjectConfigurationPlatforms) = postSolution
		{62EE7D8B-2B95-48DE-A1FE-625CBD2D7313}.AngleApiTester|x64.ActiveCfg = AngleApiTester|x64
		{62EE7D8B-2B95-48DE-A1FE-625CBD2D7313}.AngleApiTester|x64.Build.0 = AngleApiTester|x64
		{62EE7D8B-2B95-48DE-A1FE-625CBD2D7313}.AngleApiTester|x86.ActiveCfg = AngleApiTester|Win32
		{62EE7D8B-2B95-48DE-A1FE-625CBD2D7313}.AngleApiTester|x86.Build.0 = AngleApiTester|Win32
		{62EE7D8B-2B95-48DE-A1FE-625CBD2D7313}.Debug|x64.ActiveCfg = Debug|x64
		{62EE7D8B-2B95-48DE-A1FE-625CBD2D7313}.Debug|x64.Build.0 = Debug|x64
		{62EE7D8B-2B95-48DE-A1FE-625CBD2D7313}.Debug|x86.ActiveCfg = Debug|Win32
		{62EE7D8B-2B95-48DE-A1FE-625CBD2D7313}.Debug|x86.Build.0 = Debug|Win32
		{62EE7D8B-2B95-48DE-A1FE-625CBD2D7313}.RangeApiTester|x64.ActiveCfg = RangeApiTester|x64
		{62EE7D8B-2B95-48DE-A1FE-625CBD2D7313}.RangeApiTester|x64.Build.0 = RangeApiTester|x64
		{62EE7D8B-2B95-48DE-A1FE-625CBD2D7313}.RangeApiTester|x86.ActiveCfg = RangeApiTester|Win32
		{62EE7D8B-2B95-48DE-A1FE-625CBD2D7313}.RangeApiTester|x86.Build.0 = RangeApiTester|Win32
		{62EE7D8B-2B95-48DE-A1FE-625CBD2D7313}.Release|x64.ActiveCfg = Release|x64
		{62EE7D8B-2B95-48DE-A1FE-625CBD2D7313}.Release|x64.Build.0 = Release|x64
		{62EE7D8B-2B95-48DE-A1FE-625CBD2D7313}.Release|x64.Deploy.0 = Release|x64
		{62EE7D8B-2B95-48DE-A1FE-625CBD2D7313}.Release|x86.ActiveCfg = Release|Win32
		{62EE7D8B-2B95-48DE-A1FE-625CBD2D7313}.Release|x86.Build.0 = Release|Win32
		{62EE7D8B-2B95-48DE-A1FE-625CBD2D7313}.Release|x86.Deploy.0 = Release|Win32
	EndGlobalSection
	GlobalSection(SolutionProperties) = preSolution
		HideSolutionNode = FALSE
	EndGlobalSection
	GlobalSection(ExtensibilityGlobals) = postSolution
		SolutionGuid = {4B9633DD-7844-4925-AF6D-72189E393F22}
	EndGlobalSection
EndGlobal
